{
  "originHash" : "144cac76a90d0849ea0da936ed11b05cffa9c59b6b6dacfee9cb1b016d9ac2ef",
  "pins" : [
    {
      "identity" : "sparkle",
      "kind" : "remoteSourceControl",
      "location" : "https://github.com/sparkle-project/Sparkle",
      "state" : {
        "revision" : "9a1d2a19d3595fcf8d9c447173f9a1687b3dcadb",
        "version" : "2.8.0"
      }
    },
    {
      "identity" : "swiftllama",
      "kind" : "remoteSourceControl",
      "location" : "https://github.com/dchernopolskiy/SwiftLlama/",
      "state" : {
        "branch" : "main",
        "revision" : "47307c02bdb2131006de37ddd0a5b428bc31ed47"
      }
    }
  ],
  "version" : 3
}
